
Microsoft Visual Studio Solution File, Format Version 12.00
# Visual Studio 2013
VisualStudioVersion = 12.0.31101.0
MinimumVisualStudioVersion = 10.0.40219.1
Project("{FAE04EC0-301F-11D3-BF4B-00C04F79EFBC}") = "GreetingCards", "GreetingCards\GreetingCards.csproj", "{2842AEDA-2D36-484F-9369-D1025CA95238}"
EndProject
Project("{2150E333-8FDC-42A3-9474-1A3956D46DE8}") = "PublishScripts", "PublishScripts", "{764EFD0D-567E-4593-AD38-D2EE13171562}"
	ProjectSection(SolutionItems) = preProject
		PublishScripts\AzureWebsitePublishModule.psm1 = PublishScripts\AzureWebsitePublishModule.psm1
		PublishScripts\Publish-WebApplicationWebsite.ps1 = PublishScripts\Publish-WebApplicationWebsite.ps1
	EndProjectSection
EndProject
Project("{2150E333-8FDC-42A3-9474-1A3956D46DE8}") = "Configurations", "Configurations", "{9B02FF6C-038E-4A3C-A5B8-CA09006317CE}"
	ProjectSection(SolutionItems) = preProject
		PublishScripts\Configurations\GreetingCards-WAWS-dev.json = PublishScripts\Configurations\GreetingCards-WAWS-dev.json
	EndProjectSection
EndProject
Global
	GlobalSection(SolutionConfigurationPlatforms) = preSolution
		Debug|Any CPU = Debug|Any CPU
		Release|Any CPU = Release|Any CPU
	EndGlobalSection
	GlobalSection(ProjectConfigurationPlatforms) = postSolution
		{2842AEDA-2D36-484F-9369-D1025CA95238}.Debug|Any CPU.ActiveCfg = Debug|Any CPU
		{2842AEDA-2D36-484F-9369-D1025CA95238}.Debug|Any CPU.Build.0 = Debug|Any CPU
		{2842AEDA-2D36-484F-9369-D1025CA95238}.Release|Any CPU.ActiveCfg = Release|Any CPU
		{2842AEDA-2D36-484F-9369-D1025CA95238}.Release|Any CPU.Build.0 = Release|Any CPU
	EndGlobalSection
	GlobalSection(SolutionProperties) = preSolution
		HideSolutionNode = FALSE
	EndGlobalSection
	GlobalSection(NestedProjects) = preSolution
		{9B02FF6C-038E-4A3C-A5B8-CA09006317CE} = {764EFD0D-567E-4593-AD38-D2EE13171562}
	EndGlobalSection
EndGlobal
